// !$*UTF8*$!
{
	archiveVersion = 1;
	classes = {
	};
	objectVersion = 50;
	objects = {

/* Begin PBXBuildFile section */
		539F6F1626D6B6E200B9A747 /* AppDelegate.swift in Sources */ = {isa = PBXBuildFile; fileRef = 539F6F1526D6B6E200B9A747 /* AppDelegate.swift */; };
		539F6F1826D6B6E200B9A747 /* SceneDelegate.swift in Sources */ = {isa = PBXBuildFile; fileRef = 539F6F1726D6B6E200B9A747 /* SceneDelegate.swift */; };
		539F6F1A26D6B6E200B9A747 /* ViewController.swift in Sources */ = {isa = PBXBuildFile; fileRef = 539F6F1926D6B6E200B9A747 /* ViewController.swift */; };
		539F6F1D26D6B6E200B9A747 /* Main.storyboard in Resources */ = {isa = PBXBuildFile; fileRef = 539F6F1B26D6B6E200B9A747 /* Main.storyboard */; };
		539F6F1F26D6B6E300B9A747 /* Assets.xcassets in Resources */ = {isa = PBXBuildFile; fileRef = 539F6F1E26D6B6E300B9A747 /* Assets.xcassets */; };
		539F6F2226D6B6E300B9A747 /* LaunchScreen.storyboard in Resources */ = {isa = PBXBuildFile; fileRef = 539F6F2026D6B6E300B9A747 /* LaunchScreen.storyboard */; };
		8D4E8BE23FE0B36BBB85F8BF /* Pods_LetsMeet.framework in Frameworks */ = {isa = PBXBuildFile; fileRef = 26D0E7B0C4FFC091C3126924 /* Pods_LetsMeet.framework */; };
/* End PBXBuildFile section */

/* Begin PBXFileReference section */
		26D0E7B0C4FFC091C3126924 /* Pods_LetsMeet.framework */ = {isa = PBXFileReference; explicitFileType = wrapper.framework; includeInIndex = 0; path = Pods_LetsMeet.framework; sourceTree = BUILT_PRODUCTS_DIR; };
		45A3E89E1B67B362174EAF14 /* Pods-LetsMeet.release.xcconfig */ = {isa = PBXFileReference; includeInIndex = 1; lastKnownFileType = text.xcconfig; name = "Pods-LetsMeet.release.xcconfig"; path = "Target Support Files/Pods-LetsMeet/Pods-LetsMeet.release.xcconfig"; sourceTree = "<group>"; };
		539F6F1226D6B6E200B9A747 /* LetsMeet.app */ = {isa = PBXFileReference; explicitFileType = wrapper.application; includeInIndex = 0; path = LetsMeet.app; sourceTree = BUILT_PRODUCTS_DIR; };
		539F6F1526D6B6E200B9A747 /* AppDelegate.swift */ = {isa = PBXFileReference; lastKnownFileType = sourcecode.swift; path = AppDelegate.swift; sourceTree = "<group>"; };
		539F6F1726D6B6E200B9A747 /* SceneDelegate.swift */ = {isa = PBXFileReference; lastKnownFileType = sourcecode.swift; path = SceneDelegate.swift; sourceTree = "<group>"; };
		539F6F1926D6B6E200B9A747 /* ViewController.swift */ = {isa = PBXFileReference; lastKnownFileType = sourcecode.swift; path = ViewController.swift; sourceTree = "<group>"; };
		539F6F1C26D6B6E200B9A747 /* Base */ = {isa = PBXFileReference; lastKnownFileType = file.storyboard; name = Base; path = Base.lproj/Main.storyboard; sourceTree = "<group>"; };
		539F6F1E26D6B6E300B9A747 /* Assets.xcassets */ = {isa = PBXFileReference; lastKnownFileType = folder.assetcatalog; path = Assets.xcassets; sourceTree = "<group>"; };
		539F6F2126D6B6E300B9A747 /* Base */ = {isa = PBXFileReference; lastKnownFileType = file.storyboard; name = Base; path = Base.lproj/LaunchScreen.storyboard; sourceTree = "<group>"; };
		539F6F2326D6B6E300B9A747 /* Info.plist */ = {isa = PBXFileReference; lastKnownFileType = text.plist.xml; path = Info.plist; sourceTree = "<group>"; };
		DE4AD81AC8847C45F216E64C /* Pods-LetsMeet.debug.xcconfig */ = {isa = PBXFileReference; includeInIndex = 1; lastKnownFileType = text.xcconfig; name = "Pods-LetsMeet.debug.xcconfig"; path = "Target Support Files/Pods-LetsMeet/Pods-LetsMeet.debug.xcconfig"; sourceTree = "<group>"; };
/* End PBXFileReference section */

/* Begin PBXFrameworksBuildPhase section */
		539F6F0F26D6B6E200B9A747 /* Frameworks */ = {
			isa = PBXFrameworksBuildPhase;
			buildActionMask = 2147483647;
			files = (
				8D4E8BE23FE0B36BBB85F8BF /* Pods_LetsMeet.framework in Frameworks */,
			);
			runOnlyForDeploymentPostprocessing = 0;
		};
/* End PBXFrameworksBuildPhase section */

/* Begin PBXGroup section */
		43C68274F9DDD6D9CB29F3A8 /* Pods */ = {
			isa = PBXGroup;
			children = (
				DE4AD81AC8847C45F216E64C /* Pods-LetsMeet.debug.xcconfig */,
				45A3E89E1B67B362174EAF14 /* Pods-LetsMeet.release.xcconfig */,
			);
			name = Pods;
			path = Pods;
			sourceTree = "<group>";
		};
		539F6F0926D6B6E200B9A747 = {
			isa = PBXGroup;
			children = (
				539F6F1426D6B6E200B9A747 /* LetsMeet */,
				539F6F1326D6B6E200B9A747 /* Products */,
				43C68274F9DDD6D9CB29F3A8 /* Pods */,
				8591BF9121C59CD529F4BB95 /* Frameworks */,
			);
			sourceTree = "<group>";
		};
		539F6F1326D6B6E200B9A747 /* Products */ = {
			isa = PBXGroup;
			children = (
				539F6F1226D6B6E200B9A747 /* LetsMeet.app */,
			);
			name = Products;
			sourceTree = "<group>";
		};
		539F6F1426D6B6E200B9A747 /* LetsMeet */ = {
			isa = PBXGroup;
			children = (
				539F6F1526D6B6E200B9A747 /* AppDelegate.swift */,
				539F6F1726D6B6E200B9A747 /* SceneDelegate.swift */,
				539F6F1926D6B6E200B9A747 /* ViewController.swift */,
				539F6F1B26D6B6E200B9A747 /* Main.storyboard */,
				539F6F1E26D6B6E300B9A747 /* Assets.xcassets */,
				539F6F2026D6B6E300B9A747 /* LaunchScreen.storyboard */,
				539F6F2326D6B6E300B9A747 /* Info.plist */,
			);
			path = LetsMeet;
			sourceTree = "<group>";
		};
		8591BF9121C59CD529F4BB95 /* Frameworks */ = {
			isa = PBXGroup;
			children = (
				26D0E7B0C4FFC091C3126924 /* Pods_LetsMeet.framework */,
			);
			name = Frameworks;
			sourceTree = "<group>";
		};
/* End PBXGroup section */

/* Begin PBXNativeTarget section */
		539F6F1126D6B6E200B9A747 /* LetsMeet */ = {
			isa = PBXNativeTarget;
			buildConfigurationList = 539F6F2626D6B6E300B9A747 /* Build configuration list for PBXNativeTarget "LetsMeet" */;
			buildPhases = (
				153C934238C080EDC73718CE /* [CP] Check Pods Manifest.lock */,
				539F6F0E26D6B6E200B9A747 /* Sources */,
				539F6F0F26D6B6E200B9A747 /* Frameworks */,
				539F6F1026D6B6E200B9A747 /* Resources */,
				14C4FEB4DC4381001EE0ABAA /* [CP] Embed Pods Frameworks */,
			);
			buildRules = (
			);
			dependencies = (
			);
			name = LetsMeet;
			productName = LetsMeet;
			productReference = 539F6F1226D6B6E200B9A747 /* LetsMeet.app */;
			productType = "com.apple.product-type.application";
		};
/* End PBXNativeTarget section */

/* Begin PBXProject section */
		539F6F0A26D6B6E200B9A747 /* Project object */ = {
			isa = PBXProject;
			attributes = {
				LastSwiftUpdateCheck = 1250;
				LastUpgradeCheck = 1250;
				TargetAttributes = {
					539F6F1126D6B6E200B9A747 = {
						CreatedOnToolsVersion = 12.5.1;
					};
				};
			};
			buildConfigurationList = 539F6F0D26D6B6E200B9A747 /* Build configuration list for PBXProject "LetsMeet" */;
			compatibilityVersion = "Xcode 9.3";
			developmentRegion = en;
			hasScannedForEncodings = 0;
			knownRegions = (
				en,
				Base,
			);
			mainGroup = 539F6F0926D6B6E200B9A747;
			productRefGroup = 539F6F1326D6B6E200B9A747 /* Products */;
			projectDirPath = "";
			projectRoot = "";
			targets = (
				539F6F1126D6B6E200B9A747 /* LetsMeet */,
			);
		};
/* End PBXProject section */

/* Begin PBXResourcesBuildPhase section */
		539F6F1026D6B6E200B9A747 /* Resources */ = {
			isa = PBXResourcesBuildPhase;
			buildActionMask = 2147483647;
			files = (
				539F6F2226D6B6E300B9A747 /* LaunchScreen.storyboard in Resources */,
				539F6F1F26D6B6E300B9A747 /* Assets.xcassets in Resources */,
				539F6F1D26D6B6E200B9A747 /* Main.storyboard in Resources */,
			);
			runOnlyForDeploymentPostprocessing = 0;
		};
/* End PBXResourcesBuildPhase section */

/* Begin PBXShellScriptBuildPhase section */
		14C4FEB4DC4381001EE0ABAA /* [CP] Embed Pods Frameworks */ = {
			isa = PBXShellScriptBuildPhase;
			buildActionMask = 2147483647;
			files = (
			);
			inputFileListPaths = (
				"${PODS_ROOT}/Target Support Files/Pods-LetsMeet/Pods-LetsMeet-frameworks-${CONFIGURATION}-input-files.xcfilelist",
			);
			name = "[CP] Embed Pods Frameworks";
			outputFileListPaths = (
				"${PODS_ROOT}/Target Support Files/Pods-LetsMeet/Pods-LetsMeet-frameworks-${CONFIGURATION}-output-files.xcfilelist",
			);
			runOnlyForDeploymentPostprocessing = 0;
			shellPath = /bin/sh;
			shellScript = "\"${PODS_ROOT}/Target Support Files/Pods-LetsMeet/Pods-LetsMeet-frameworks.sh\"\n";
			showEnvVarsInLog = 0;
		};
		153C934238C080EDC73718CE /* [CP] Check Pods Manifest.lock */ = {
			isa = PBXShellScriptBuildPhase;
			buildActionMask = 2147483647;
			files = (
			);
			inputFileListPaths = (
			);
			inputPaths = (
				"${PODS_PODFILE_DIR_PATH}/Podfile.lock",
				"${PODS_ROOT}/Manifest.lock",
			);
			name = "[CP] Check Pods Manifest.lock";
			outputFileListPaths = (
			);
			outputPaths = (
				"$(DERIVED_FILE_DIR)/Pods-LetsMeet-checkManifestLockResult.txt",
			);
			runOnlyForDeploymentPostprocessing = 0;
			shellPath = /bin/sh;
			shellScript = "diff \"${PODS_PODFILE_DIR_PATH}/Podfile.lock\" \"${PODS_ROOT}/Manifest.lock\" > /dev/null\nif [ $? != 0 ] ; then\n    # print error to STDERR\n    echo \"error: The sandbox is not in sync with the Podfile.lock. Run 'pod install' or update your CocoaPods installation.\" >&2\n    exit 1\nfi\n# This output is used by Xcode 'outputs' to avoid re-running this script phase.\necho \"SUCCESS\" > \"${SCRIPT_OUTPUT_FILE_0}\"\n";
			showEnvVarsInLog = 0;
		};
/* End PBXShellScriptBuildPhase section */

/* Begin PBXSourcesBuildPhase section */
		539F6F0E26D6B6E200B9A747 /* Sources */ = {
			isa = PBXSourcesBuildPhase;
			buildActionMask = 2147483647;
			files = (
				539F6F1A26D6B6E200B9A747 /* ViewController.swift in Sources */,
				539F6F1626D6B6E200B9A747 /* AppDelegate.swift in Sources */,
				539F6F1826D6B6E200B9A747 /* SceneDelegate.swift in Sources */,
			);
			runOnlyForDeploymentPostprocessing = 0;
		};
/* End PBXSourcesBuildPhase section */

/* Begin PBXVariantGroup section */
		539F6F1B26D6B6E200B9A747 /* Main.storyboard */ = {
			isa = PBXVariantGroup;
			children = (
				539F6F1C26D6B6E200B9A747 /* Base */,
			);
			name = Main.storyboard;
			sourceTree = "<group>";
		};
		539F6F2026D6B6E300B9A747 /* LaunchScreen.storyboard */ = {
			isa = PBXVariantGroup;
			children = (
				539F6F2126D6B6E300B9A747 /* Base */,
			);
			name = LaunchScreen.storyboard;
			sourceTree = "<group>";
		};
/* End PBXVariantGroup section */

/* Begin XCBuildConfiguration section */
		539F6F2426D6B6E300B9A747 /* Debug */ = {
			isa = XCBuildConfiguration;
			buildSettings = {
				ALWAYS_SEARCH_USER_PATHS = NO;
				CLANG_ANALYZER_NONNULL = YES;
				CLANG_ANALYZER_NUMBER_OBJECT_CONVERSION = YES_AGGRESSIVE;
				CLANG_CXX_LANGUAGE_STANDARD = "gnu++14";
				CLANG_CXX_LIBRARY = "libc++";
				CLANG_ENABLE_MODULES = YES;
				CLANG_ENABLE_OBJC_ARC = YES;
				CLANG_ENABLE_OBJC_WEAK = YES;
				CLANG_WARN_BLOCK_CAPTURE_AUTORELEASING = YES;
				CLANG_WARN_BOOL_CONVERSION = YES;
				CLANG_WARN_COMMA = YES;
				CLANG_WARN_CONSTANT_CONVERSION = YES;
				CLANG_WARN_DEPRECATED_OBJC_IMPLEMENTATIONS = YES;
				CLANG_WARN_DIRECT_OBJC_ISA_USAGE = YES_ERROR;
				CLANG_WARN_DOCUMENTATION_COMMENTS = YES;
				CLANG_WARN_EMPTY_BODY = YES;
				CLANG_WARN_ENUM_CONVERSION = YES;
				CLANG_WARN_INFINITE_RECURSION = YES;
				CLANG_WARN_INT_CONVERSION = YES;
				CLANG_WARN_NON_LITERAL_NULL_CONVERSION = YES;
				CLANG_WARN_OBJC_IMPLICIT_RETAIN_SELF = YES;
				CLANG_WARN_OBJC_LITERAL_CONVERSION = YES;
				CLANG_WARN_OBJC_ROOT_CLASS = YES_ERROR;
				CLANG_WARN_QUOTED_INCLUDE_IN_FRAMEWORK_HEADER = YES;
				CLANG_WARN_RANGE_LOOP_ANALYSIS = YES;
				CLANG_WARN_STRICT_PROTOTYPES = YES;
				CLANG_WARN_SUSPICIOUS_MOVE = YES;
				CLANG_WARN_UNGUARDED_AVAILABILITY = YES_AGGRESSIVE;
				CLANG_WARN_UNREACHABLE_CODE = YES;
				CLANG_WARN__DUPLICATE_METHOD_MATCH = YES;
				COPY_PHASE_STRIP = NO;
				DEBUG_INFORMATION_FORMAT = dwarf;
				ENABLE_STRICT_OBJC_MSGSEND = YES;
				ENABLE_TESTABILITY = YES;
				GCC_C_LANGUAGE_STANDARD = gnu11;
				GCC_DYNAMIC_NO_PIC = NO;
				GCC_NO_COMMON_BLOCKS = YES;
				GCC_OPTIMIZATION_LEVEL = 0;
				GCC_PREPROCESSOR_DEFINITIONS = (
					"DEBUG=1",
					"$(inherited)",
				);
				GCC_WARN_64_TO_32_BIT_CONVERSION = YES;
				GCC_WARN_ABOUT_RETURN_TYPE = YES_ERROR;
				GCC_WARN_UNDECLARED_SELECTOR = YES;
				GCC_WARN_UNINITIALIZED_AUTOS = YES_AGGRESSIVE;
				GCC_WARN_UNUSED_FUNCTION = YES;
				GCC_WARN_UNUSED_VARIABLE = YES;
				IPHONEOS_DEPLOYMENT_TARGET = 14.5;
				MTL_ENABLE_DEBUG_INFO = INCLUDE_SOURCE;
				MTL_FAST_MATH = YES;
				ONLY_ACTIVE_ARCH = YES;
				SDKROOT = iphoneos;
				SWIFT_ACTIVE_COMPILATION_CONDITIONS = DEBUG;
				SWIFT_OPTIMIZATION_LEVEL = "-Onone";
			};
			name = Debug;
		};
		539F6F2526D6B6E300B9A747 /* Release */ = {
			isa = XCBuildConfiguration;
			buildSettings = {
				ALWAYS_SEARCH_USER_PATHS = NO;
				CLANG_ANALYZER_NONNULL = YES;
				CLANG_ANALYZER_NUMBER_OBJECT_CONVERSION = YES_AGGRESSIVE;
				CLANG_CXX_LANGUAGE_STANDARD = "gnu++14";
				CLANG_CXX_LIBRARY = "libc++";
				CLANG_ENABLE_MODULES = YES;
				CLANG_ENABLE_OBJC_ARC = YES;
				CLANG_ENABLE_OBJC_WEAK = YES;
				CLANG_WARN_BLOCK_CAPTURE_AUTORELEASING = YES;
				CLANG_WARN_BOOL_CONVERSION = YES;
				CLANG_WARN_COMMA = YES;
				CLANG_WARN_CONSTANT_CONVERSION = YES;
				CLANG_WARN_DEPRECATED_OBJC_IMPLEMENTATIONS = YES;
				CLANG_WARN_DIRECT_OBJC_ISA_USAGE = YES_ERROR;
				CLANG_WARN_DOCUMENTATION_COMMENTS = YES;
				CLANG_WARN_EMPTY_BODY = YES;
				CLANG_WARN_ENUM_CONVERSION = YES;
				CLANG_WARN_INFINITE_RECURSION = YES;
				CLANG_WARN_INT_CONVERSION = YES;
				CLANG_WARN_NON_LITERAL_NULL_CONVERSION = YES;
				CLANG_WARN_OBJC_IMPLICIT_RETAIN_SELF = YES;
				CLANG_WARN_OBJC_LITERAL_CONVERSION = YES;
				CLANG_WARN_OBJC_ROOT_CLASS = YES_ERROR;
				CLANG_WARN_QUOTED_INCLUDE_IN_FRAMEWORK_HEADER = YES;
				CLANG_WARN_RANGE_LOOP_ANALYSIS = YES;
				CLANG_WARN_STRICT_PROTOTYPES = YES;
				CLANG_WARN_SUSPICIOUS_MOVE = YES;
				CLANG_WARN_UNGUARDED_AVAILABILITY = YES_AGGRESSIVE;
				CLANG_WARN_UNREACHABLE_CODE = YES;
				CLANG_WARN__DUPLICATE_METHOD_MATCH = YES;
				COPY_PHASE_STRIP = NO;
				DEBUG_INFORMATION_FORMAT = "dwarf-with-dsym";
				ENABLE_NS_ASSERTIONS = NO;
				ENABLE_STRICT_OBJC_MSGSEND = YES;
				GCC_C_LANGUAGE_STANDARD = gnu11;
				GCC_NO_COMMON_BLOCKS = YES;
				GCC_WARN_64_TO_32_BIT_CONVERSION = YES;
				GCC_WARN_ABOUT_RETURN_TYPE = YES_ERROR;
				GCC_WARN_UNDECLARED_SELECTOR = YES;
				GCC_WARN_UNINITIALIZED_AUTOS = YES_AGGRESSIVE;
				GCC_WARN_UNUSED_FUNCTION = YES;
				GCC_WARN_UNUSED_VARIABLE = YES;
				IPHONEOS_DEPLOYMENT_TARGET = 14.5;
				MTL_ENABLE_DEBUG_INFO = NO;
				MTL_FAST_MATH = YES;
				SDKROOT = iphoneos;
				SWIFT_COMPILATION_MODE = wholemodule;
				SWIFT_OPTIMIZATION_LEVEL = "-O";
				VALIDATE_PRODUCT = YES;
			};
			name = Release;
		};
		539F6F2726D6B6E300B9A747 /* Debug */ = {
			isa = XCBuildConfiguration;
			baseConfigurationReference = DE4AD81AC8847C45F216E64C /* Pods-LetsMeet.debug.xcconfig */;
			buildSettings = {
				ASSETCATALOG_COMPILER_APPICON_NAME = AppIcon;
				ASSETCATALOG_COMPILER_GLOBAL_ACCENT_COLOR_NAME = AccentColor;
				CODE_SIGN_STYLE = Automatic;
				DEVELOPMENT_TEAM = B92BAJFGJP;
				INFOPLIST_FILE = LetsMeet/Info.plist;
				LD_RUNPATH_SEARCH_PATHS = (
					"$(inherited)",
					"@executable_path/Frameworks",
				);
				PRODUCT_BUNDLE_IDENTIFIER = com.roam.LetsMeet;
				PRODUCT_NAME = "$(TARGET_NAME)";
				SWIFT_VERSION = 5.0;
				TARGETED_DEVICE_FAMILY = "1,2";
			};
			name = Debug;
		};
		539F6F2826D6B6E300B9A747 /* Release */ = {
			isa = XCBuildConfiguration;
			baseConfigurationReference = 45A3E89E1B67B362174EAF14 /* Pods-LetsMeet.release.xcconfig */;
			buildSettings = {
				ASSETCATALOG_COMPILER_APPICON_NAME = AppIcon;
				ASSETCATALOG_COMPILER_GLOBAL_ACCENT_COLOR_NAME = AccentColor;
				CODE_SIGN_STYLE = Automatic;
				DEVELOPMENT_TEAM = B92BAJFGJP;
				INFOPLIST_FILE = LetsMeet/Info.plist;
				LD_RUNPATH_SEARCH_PATHS = (
					"$(inherited)",
					"@executable_path/Frameworks",
				);
				PRODUCT_BUNDLE_IDENTIFIER = com.roam.LetsMeet;
				PRODUCT_NAME = "$(TARGET_NAME)";
				SWIFT_VERSION = 5.0;
				TARGETED_DEVICE_FAMILY = "1,2";
			};
			name = Release;
		};
/* End XCBuildConfiguration section */

/* Begin XCConfigurationList section */
		539F6F0D26D6B6E200B9A747 /* Build configuration list for PBXProject "LetsMeet" */ = {
			isa = XCConfigurationList;
			buildConfigurations = (
				539F6F2426D6B6E300B9A747 /* Debug */,
				539F6F2526D6B6E300B9A747 /* Release */,
			);
			defaultConfigurationIsVisible = 0;
			defaultConfigurationName = Release;
		};
		539F6F2626D6B6E300B9A747 /* Build configuration list for PBXNativeTarget "LetsMeet" */ = {
			isa = XCConfigurationList;
			buildConfigurations = (
				539F6F2726D6B6E300B9A747 /* Debug */,
				539F6F2826D6B6E300B9A747 /* Release */,
			);
			defaultConfigurationIsVisible = 0;
			defaultConfigurationName = Release;
		};
/* End XCConfigurationList section */
	};
	rootObject = 539F6F0A26D6B6E200B9A747 /* Project object */;
}
